
Microsoft Visual Studio Solution File, Format Version 12.00
# Visual Studio Version 16
VisualStudioVersion = 16.0.30709.132
MinimumVisualStudioVersion = 10.0.40219.1
Project("{9A19103F-16F7-4668-BE54-9A1E7A4F7556}") = "LibraryAPI", "LibraryAPI.csproj", "{87F90F2E-6F5F-4D6A-8DC1-B737049288FF}"
EndProject
Project("{9A19103F-16F7-4668-BE54-9A1E7A4F7556}") = "TestAPI", "..\TestAPI\TestAPI.csproj", "{82F1FE4D-ABB5-453E-BB68-E37022C5D43B}"
EndProject
Global
	GlobalSection(SolutionConfigurationPlatforms) = preSolution
		Debug|Any CPU = Debug|Any CPU
		Release|Any CPU = Release|Any CPU
	EndGlobalSection
	GlobalSection(ProjectConfigurationPlatforms) = postSolution
		{87F90F2E-6F5F-4D6A-8DC1-B737049288FF}.Debug|Any CPU.ActiveCfg = Debug|Any CPU
		{87F90F2E-6F5F-4D6A-8DC1-B737049288FF}.Debug|Any CPU.Build.0 = Debug|Any CPU
		{87F90F2E-6F5F-4D6A-8DC1-B737049288FF}.Release|Any CPU.ActiveCfg = Release|Any CPU
		{87F90F2E-6F5F-4D6A-8DC1-B737049288FF}.Release|Any CPU.Build.0 = Release|Any CPU
		{82F1FE4D-ABB5-453E-BB68-E37022C5D43B}.Debug|Any CPU.ActiveCfg = Debug|Any CPU
		{82F1FE4D-ABB5-453E-BB68-E37022C5D43B}.Debug|Any CPU.Build.0 = Debug|Any CPU
		{82F1FE4D-ABB5-453E-BB68-E37022C5D43B}.Release|Any CPU.ActiveCfg = Release|Any CPU
		{82F1FE4D-ABB5-453E-BB68-E37022C5D43B}.Release|Any CPU.Build.0 = Release|Any CPU
	EndGlobalSection
	GlobalSection(SolutionProperties) = preSolution
		HideSolutionNode = FALSE
	EndGlobalSection
	GlobalSection(ExtensibilityGlobals) = postSolution
		SolutionGuid = {10814CEE-339B-4620-98F4-F4F095CA8436}
	EndGlobalSection
EndGlobal
